
Microsoft Visual Studio Solution File, Format Version 12.00
# Visual Studio Version 17
VisualStudioVersion = 17.14.36511.14 d17.14
MinimumVisualStudioVersion = 10.0.40219.1
Project("{FAE04EC0-301F-11D3-BF4B-00C04F79EFBC}") = "Comp584_Server_Flores", "Comp584_Server_Flores.csproj", "{7DD3C49E-48B6-47C7-8CC7-99210EDBB014}"
EndProject
Global
	GlobalSection(SolutionConfigurationPlatforms) = preSolution
		Debug|Any CPU = Debug|Any CPU
		Release|Any CPU = Release|Any CPU
	EndGlobalSection
	GlobalSection(ProjectConfigurationPlatforms) = postSolution
		{7DD3C49E-48B6-47C7-8CC7-99210EDBB014}.Debug|Any CPU.ActiveCfg = Debug|Any CPU
		{7DD3C49E-48B6-47C7-8CC7-99210EDBB014}.Debug|Any CPU.Build.0 = Debug|Any CPU
		{7DD3C49E-48B6-47C7-8CC7-99210EDBB014}.Release|Any CPU.ActiveCfg = Release|Any CPU
		{7DD3C49E-48B6-47C7-8CC7-99210EDBB014}.Release|Any CPU.Build.0 = Release|Any CPU
	EndGlobalSection
	GlobalSection(SolutionProperties) = preSolution
		HideSolutionNode = FALSE
	EndGlobalSection
	GlobalSection(ExtensibilityGlobals) = postSolution
		SolutionGuid = {EA05C5EF-5F6C-47A8-B27C-04A00B39E1A6}
	EndGlobalSection
EndGlobal
